
Microsoft Visual Studio Solution File, Format Version 12.00
# Visual Studio Version 17
VisualStudioVersion = 17.4.33205.214
MinimumVisualStudioVersion = 10.0.40219.1
Project("{FAE04EC0-301F-11D3-BF4B-00C04F79EFBC}") = "Yashkumar_BookStore", "Yashkumar_BookStore\Yashkumar_BookStore.csproj", "{CA08A1A7-BFDB-4022-9064-BE3DD9108FC7}"
EndProject
Global
	GlobalSection(SolutionConfigurationPlatforms) = preSolution
		Debug|Any CPU = Debug|Any CPU
		Release|Any CPU = Release|Any CPU
	EndGlobalSection
	GlobalSection(ProjectConfigurationPlatforms) = postSolution
		{CA08A1A7-BFDB-4022-9064-BE3DD9108FC7}.Debug|Any CPU.ActiveCfg = Debug|Any CPU
		{CA08A1A7-BFDB-4022-9064-BE3DD9108FC7}.Debug|Any CPU.Build.0 = Debug|Any CPU
		{CA08A1A7-BFDB-4022-9064-BE3DD9108FC7}.Release|Any CPU.ActiveCfg = Release|Any CPU
		{CA08A1A7-BFDB-4022-9064-BE3DD9108FC7}.Release|Any CPU.Build.0 = Release|Any CPU
	EndGlobalSection
	GlobalSection(SolutionProperties) = preSolution
		HideSolutionNode = FALSE
	EndGlobalSection
	GlobalSection(ExtensibilityGlobals) = postSolution
		SolutionGuid = {3CA24432-DD45-4919-ACB0-4F3D2E5C2191}
	EndGlobalSection
EndGlobal
